
Microsoft Visual Studio Solution File, Format Version 12.00
# Visual Studio Version 16
VisualStudioVersion = 16.0.29911.84
MinimumVisualStudioVersion = 10.0.40219.1
Project("{FAE04EC0-301F-11D3-BF4B-00C04F79EFBC}") = "Calculator", "Calculator\Calculator.csproj", "{EA846EA2-F726-4BFF-A676-9C1C6AA804DF}"
EndProject
Global
	GlobalSection(SolutionConfigurationPlatforms) = preSolution
		Debug|Any CPU = Debug|Any CPU
		Release|Any CPU = Release|Any CPU
	EndGlobalSection
	GlobalSection(ProjectConfigurationPlatforms) = postSolution
		{EA846EA2-F726-4BFF-A676-9C1C6AA804DF}.Debug|Any CPU.ActiveCfg = Debug|Any CPU
		{EA846EA2-F726-4BFF-A676-9C1C6AA804DF}.Debug|Any CPU.Build.0 = Debug|Any CPU
		{EA846EA2-F726-4BFF-A676-9C1C6AA804DF}.Release|Any CPU.ActiveCfg = Release|Any CPU
		{EA846EA2-F726-4BFF-A676-9C1C6AA804DF}.Release|Any CPU.Build.0 = Release|Any CPU
	EndGlobalSection
	GlobalSection(SolutionProperties) = preSolution
		HideSolutionNode = FALSE
	EndGlobalSection
	GlobalSection(ExtensibilityGlobals) = postSolution
		SolutionGuid = {0D39ECB7-09DB-4603-96D5-C1ADA43A3D48}
	EndGlobalSection
EndGlobal
